
Microsoft Visual Studio Solution File, Format Version 12.00
# Visual Studio Version 16
VisualStudioVersion = 16.0.30804.86
MinimumVisualStudioVersion = 10.0.40219.1
Project("{9A19103F-16F7-4668-BE54-9A1E7A4F7556}") = "PS5Eyes.ConsoleApp", "PS5Eyes.ConsoleApp\PS5Eyes.ConsoleApp.csproj", "{5F9A266E-5473-437A-8225-2FBA4E185AF5}"
EndProject
Project("{9A19103F-16F7-4668-BE54-9A1E7A4F7556}") = "PS5Eyes.VendorBrowser", "PS5Eyes.VendorBrowser\PS5Eyes.VendorBrowser.csproj", "{DE5B41F2-E3E8-4E2D-96A9-70A71C854D6A}"
EndProject
Project("{FAE04EC0-301F-11D3-BF4B-00C04F79EFBC}") = "PS5Eyes.Notification", "PS5Eyes.Notification\PS5Eyes.Notification.csproj", "{0F095754-8793-46A9-AB3E-C82D3A283BB7}"
EndProject
Global
	GlobalSection(SolutionConfigurationPlatforms) = preSolution
		Debug|Any CPU = Debug|Any CPU
		Release|Any CPU = Release|Any CPU
	EndGlobalSection
	GlobalSection(ProjectConfigurationPlatforms) = postSolution
		{5F9A266E-5473-437A-8225-2FBA4E185AF5}.Debug|Any CPU.ActiveCfg = Debug|Any CPU
		{5F9A266E-5473-437A-8225-2FBA4E185AF5}.Debug|Any CPU.Build.0 = Debug|Any CPU
		{5F9A266E-5473-437A-8225-2FBA4E185AF5}.Release|Any CPU.ActiveCfg = Release|Any CPU
		{5F9A266E-5473-437A-8225-2FBA4E185AF5}.Release|Any CPU.Build.0 = Release|Any CPU
		{DE5B41F2-E3E8-4E2D-96A9-70A71C854D6A}.Debug|Any CPU.ActiveCfg = Debug|Any CPU
		{DE5B41F2-E3E8-4E2D-96A9-70A71C854D6A}.Debug|Any CPU.Build.0 = Debug|Any CPU
		{DE5B41F2-E3E8-4E2D-96A9-70A71C854D6A}.Release|Any CPU.ActiveCfg = Release|Any CPU
		{DE5B41F2-E3E8-4E2D-96A9-70A71C854D6A}.Release|Any CPU.Build.0 = Release|Any CPU
		{0F095754-8793-46A9-AB3E-C82D3A283BB7}.Debug|Any CPU.ActiveCfg = Debug|Any CPU
		{0F095754-8793-46A9-AB3E-C82D3A283BB7}.Debug|Any CPU.Build.0 = Debug|Any CPU
		{0F095754-8793-46A9-AB3E-C82D3A283BB7}.Release|Any CPU.ActiveCfg = Release|Any CPU
		{0F095754-8793-46A9-AB3E-C82D3A283BB7}.Release|Any CPU.Build.0 = Release|Any CPU
	EndGlobalSection
	GlobalSection(SolutionProperties) = preSolution
		HideSolutionNode = FALSE
	EndGlobalSection
	GlobalSection(ExtensibilityGlobals) = postSolution
		SolutionGuid = {0BBE4E27-BB34-463B-A962-913D77E55430}
	EndGlobalSection
EndGlobal
